
Microsoft Visual Studio Solution File, Format Version 12.00
# Visual Studio Version 17
VisualStudioVersion = 17.9.34728.123
MinimumVisualStudioVersion = 10.0.40219.1
Project("{9A19103F-16F7-4668-BE54-9A1E7A4F7556}") = "ZadanieRekrutacyjneInsERT.Server", "ZadanieRekrutacyjneInsERT.Server\ZadanieRekrutacyjneInsERT.Server.csproj", "{DAB24F47-0CB9-42DF-9F77-E52A761127ED}"
EndProject
Project("{54A90642-561A-4BB1-A94E-469ADEE60C69}") = "zadanierekrutacyjneinsert.client", "zadanierekrutacyjneinsert.client\zadanierekrutacyjneinsert.client.esproj", "{AEA4A72B-358C-4A91-AD8C-65B3814D3D18}"
EndProject
Project("{9A19103F-16F7-4668-BE54-9A1E7A4F7556}") = "ZadanieRekrutacyjneInsERT.Infrastructure", "ZadanieRekrutacyjneInsERT.Infrastructure\ZadanieRekrutacyjneInsERT.Infrastructure.csproj", "{8BD8B4AC-FB3D-4286-8935-99CC3E60715F}"
EndProject
Project("{9A19103F-16F7-4668-BE54-9A1E7A4F7556}") = "ZadanieRekrutacyjneInsERT.Core", "ZadanieRekrutacyjneInsERT.Core\ZadanieRekrutacyjneInsERT.Core.csproj", "{E54555A6-2B32-43B4-84B8-54D04F46CF69}"
EndProject
Project("{9A19103F-16F7-4668-BE54-9A1E7A4F7556}") = "ZadanieRekrutacyjneInsERT.Server.Tests", "ZadanieRekrutacyjneInsERT.Server.Tests\ZadanieRekrutacyjneInsERT.Server.Tests.csproj", "{C2B63712-8702-4B2B-8213-AD4F48E4F5C5}"
EndProject
Project("{FAE04EC0-301F-11D3-BF4B-00C04F79EFBC}") = "ZadanieRekrutacyjneInsERT.Functions", "ZadanieRekrutacyjneInsERT.Functions\ZadanieRekrutacyjneInsERT.Functions.csproj", "{D06040E8-1846-42DF-B972-0A5F9B7E5D58}"
EndProject
Global
	GlobalSection(SolutionConfigurationPlatforms) = preSolution
		Debug|Any CPU = Debug|Any CPU
		Release|Any CPU = Release|Any CPU
	EndGlobalSection
	GlobalSection(ProjectConfigurationPlatforms) = postSolution
		{DAB24F47-0CB9-42DF-9F77-E52A761127ED}.Debug|Any CPU.ActiveCfg = Debug|Any CPU
		{DAB24F47-0CB9-42DF-9F77-E52A761127ED}.Debug|Any CPU.Build.0 = Debug|Any CPU
		{DAB24F47-0CB9-42DF-9F77-E52A761127ED}.Release|Any CPU.ActiveCfg = Release|Any CPU
		{DAB24F47-0CB9-42DF-9F77-E52A761127ED}.Release|Any CPU.Build.0 = Release|Any CPU
		{AEA4A72B-358C-4A91-AD8C-65B3814D3D18}.Debug|Any CPU.ActiveCfg = Debug|Any CPU
		{AEA4A72B-358C-4A91-AD8C-65B3814D3D18}.Debug|Any CPU.Build.0 = Debug|Any CPU
		{AEA4A72B-358C-4A91-AD8C-65B3814D3D18}.Debug|Any CPU.Deploy.0 = Debug|Any CPU
		{AEA4A72B-358C-4A91-AD8C-65B3814D3D18}.Release|Any CPU.ActiveCfg = Release|Any CPU
		{AEA4A72B-358C-4A91-AD8C-65B3814D3D18}.Release|Any CPU.Build.0 = Release|Any CPU
		{AEA4A72B-358C-4A91-AD8C-65B3814D3D18}.Release|Any CPU.Deploy.0 = Release|Any CPU
		{8BD8B4AC-FB3D-4286-8935-99CC3E60715F}.Debug|Any CPU.ActiveCfg = Debug|Any CPU
		{8BD8B4AC-FB3D-4286-8935-99CC3E60715F}.Debug|Any CPU.Build.0 = Debug|Any CPU
		{8BD8B4AC-FB3D-4286-8935-99CC3E60715F}.Release|Any CPU.ActiveCfg = Release|Any CPU
		{8BD8B4AC-FB3D-4286-8935-99CC3E60715F}.Release|Any CPU.Build.0 = Release|Any CPU
		{E54555A6-2B32-43B4-84B8-54D04F46CF69}.Debug|Any CPU.ActiveCfg = Debug|Any CPU
		{E54555A6-2B32-43B4-84B8-54D04F46CF69}.Debug|Any CPU.Build.0 = Debug|Any CPU
		{E54555A6-2B32-43B4-84B8-54D04F46CF69}.Release|Any CPU.ActiveCfg = Release|Any CPU
		{E54555A6-2B32-43B4-84B8-54D04F46CF69}.Release|Any CPU.Build.0 = Release|Any CPU
		{C2B63712-8702-4B2B-8213-AD4F48E4F5C5}.Debug|Any CPU.ActiveCfg = Debug|Any CPU
		{C2B63712-8702-4B2B-8213-AD4F48E4F5C5}.Debug|Any CPU.Build.0 = Debug|Any CPU
		{C2B63712-8702-4B2B-8213-AD4F48E4F5C5}.Release|Any CPU.ActiveCfg = Release|Any CPU
		{C2B63712-8702-4B2B-8213-AD4F48E4F5C5}.Release|Any CPU.Build.0 = Release|Any CPU
		{D06040E8-1846-42DF-B972-0A5F9B7E5D58}.Debug|Any CPU.ActiveCfg = Debug|Any CPU
		{D06040E8-1846-42DF-B972-0A5F9B7E5D58}.Debug|Any CPU.Build.0 = Debug|Any CPU
		{D06040E8-1846-42DF-B972-0A5F9B7E5D58}.Release|Any CPU.ActiveCfg = Release|Any CPU
		{D06040E8-1846-42DF-B972-0A5F9B7E5D58}.Release|Any CPU.Build.0 = Release|Any CPU
	EndGlobalSection
	GlobalSection(SolutionProperties) = preSolution
		HideSolutionNode = FALSE
	EndGlobalSection
	GlobalSection(ExtensibilityGlobals) = postSolution
		SolutionGuid = {BABF7611-9BC4-464E-ACB9-6B64488FCFB1}
	EndGlobalSection
EndGlobal
